
Microsoft Visual Studio Solution File, Format Version 12.00
# Visual Studio Version 16
VisualStudioVersion = 16.0.29728.190
MinimumVisualStudioVersion = 10.0.40219.1
Project("{9A19103F-16F7-4668-BE54-9A1E7A4F7556}") = "OverlayWeb", "OverlayWeb\OverlayWeb.csproj", "{87257BAF-F9C0-4E68-BC20-1912B20957C1}"
EndProject
Project("{9A19103F-16F7-4668-BE54-9A1E7A4F7556}") = "OverlayDesktop", "OverlayDesktop\OverlayDesktop.csproj", "{2E448949-DAA0-441A-9B1D-9140CA0083CD}"
EndProject
Global
	GlobalSection(SolutionConfigurationPlatforms) = preSolution
		Debug|Any CPU = Debug|Any CPU
		Release|Any CPU = Release|Any CPU
	EndGlobalSection
	GlobalSection(ProjectConfigurationPlatforms) = postSolution
		{87257BAF-F9C0-4E68-BC20-1912B20957C1}.Debug|Any CPU.ActiveCfg = Debug|Any CPU
		{87257BAF-F9C0-4E68-BC20-1912B20957C1}.Debug|Any CPU.Build.0 = Debug|Any CPU
		{87257BAF-F9C0-4E68-BC20-1912B20957C1}.Release|Any CPU.ActiveCfg = Release|Any CPU
		{87257BAF-F9C0-4E68-BC20-1912B20957C1}.Release|Any CPU.Build.0 = Release|Any CPU
		{2E448949-DAA0-441A-9B1D-9140CA0083CD}.Debug|Any CPU.ActiveCfg = Debug|Any CPU
		{2E448949-DAA0-441A-9B1D-9140CA0083CD}.Debug|Any CPU.Build.0 = Debug|Any CPU
		{2E448949-DAA0-441A-9B1D-9140CA0083CD}.Release|Any CPU.ActiveCfg = Release|Any CPU
		{2E448949-DAA0-441A-9B1D-9140CA0083CD}.Release|Any CPU.Build.0 = Release|Any CPU
	EndGlobalSection
	GlobalSection(SolutionProperties) = preSolution
		HideSolutionNode = FALSE
	EndGlobalSection
	GlobalSection(ExtensibilityGlobals) = postSolution
		SolutionGuid = {8727A7DE-C231-4947-AAC1-798E6A659D47}
	EndGlobalSection
EndGlobal
